github.com/gorilla/websocket v1.4.1 h1:q7AeDBpnBk8AogcD4DSag/Ukw/KV+YhzLj2bP5HvKCM=
github.com/gorilla/websocket v1.4.1/go.mod h1:YR8l580nyteQvAITg2hZ9XVh4b55+EU/adAjf1fMHhE=
golang.org/dl v0.0.0-20200128181350-716300cef114 h1:m0hMGcwcMY7pJ4V6BZnBV/doTGNecIE8AB7sVn0eyqg=
golang.org/dl v0.0.0-20200128181350-716300cef114/go.mod h1:IUMfjQLJQd4UTqG1Z90tenwKoCX93Gn3MAQJMOSBsDQ=
